{
  "nodes": {
    "nixpkgs": {
      "locked": {
        "lastModified": 1684662198,
        "narHash": "sha256-lmGDGuFONWSoGBKDDhU/6fOhhmFoZQ8rPf+kS7/e/Gs=",
        "path": "/nix/store/k0lx49ddawd47j7c5h4ki32g97gcinr9-source",
        "rev": "50a183182d7ae39133555414d48d5d609a28a57d",
        "type": "path"
      },
      "original": {
        "owner": "NixOS",
        "ref": "nixpkgs-unstable",
        "repo": "nixpkgs",
        "type": "github"
      }
    },
    "root": {
      "inputs": {
        "nixpkgs": "nixpkgs"
      }
    }
  },
  "root": "root",
  "version": 7
}
